
Microsoft Visual Studio Solution File, Format Version 12.00
# Visual Studio Version 16
VisualStudioVersion = 16.0.31613.86
MinimumVisualStudioVersion = 10.0.40219.1
Project("{FAE04EC0-301F-11D3-BF4B-00C04F79EFBC}") = "Web_Quan_Ly_Sinh_Vien", "Web_Quan_Ly_Sinh_Vien\Web_Quan_Ly_Sinh_Vien.csproj", "{13F918FC-2D3A-41C3-8046-77F2577C5432}"
EndProject
Global
	GlobalSection(SolutionConfigurationPlatforms) = preSolution
		Debug|Any CPU = Debug|Any CPU
		Release|Any CPU = Release|Any CPU
	EndGlobalSection
	GlobalSection(ProjectConfigurationPlatforms) = postSolution
		{13F918FC-2D3A-41C3-8046-77F2577C5432}.Debug|Any CPU.ActiveCfg = Debug|Any CPU
		{13F918FC-2D3A-41C3-8046-77F2577C5432}.Debug|Any CPU.Build.0 = Debug|Any CPU
		{13F918FC-2D3A-41C3-8046-77F2577C5432}.Release|Any CPU.ActiveCfg = Release|Any CPU
		{13F918FC-2D3A-41C3-8046-77F2577C5432}.Release|Any CPU.Build.0 = Release|Any CPU
	EndGlobalSection
	GlobalSection(SolutionProperties) = preSolution
		HideSolutionNode = FALSE
	EndGlobalSection
	GlobalSection(ExtensibilityGlobals) = postSolution
		SolutionGuid = {629AD43B-4570-4FC5-98A4-51ADD298E317}
	EndGlobalSection
EndGlobal
